
Microsoft Visual Studio Solution File, Format Version 12.00
# Visual Studio Version 17
VisualStudioVersion = 17.4.33122.133
MinimumVisualStudioVersion = 10.0.40219.1
Project("{9A19103F-16F7-4668-BE54-9A1E7A4F7556}") = "ShapeArea", "ShapeArea\ShapeArea.csproj", "{702B8081-ABD5-4C40-B2A7-137162BC03F1}"
EndProject
Project("{9A19103F-16F7-4668-BE54-9A1E7A4F7556}") = "TestConsoleApplication", "Test\TestConsoleApplication.csproj", "{02E1F6B2-1482-447D-8C7D-1C96D7AF470E}"
EndProject
Project("{9A19103F-16F7-4668-BE54-9A1E7A4F7556}") = "ShapeArea.Tests", "ShapeArea.Tests\ShapeArea.Tests.csproj", "{3715F403-237A-461F-BF6E-C03D710DD69B}"
EndProject
Global
	GlobalSection(SolutionConfigurationPlatforms) = preSolution
		Debug|Any CPU = Debug|Any CPU
		Release|Any CPU = Release|Any CPU
	EndGlobalSection
	GlobalSection(ProjectConfigurationPlatforms) = postSolution
		{702B8081-ABD5-4C40-B2A7-137162BC03F1}.Debug|Any CPU.ActiveCfg = Debug|Any CPU
		{702B8081-ABD5-4C40-B2A7-137162BC03F1}.Debug|Any CPU.Build.0 = Debug|Any CPU
		{702B8081-ABD5-4C40-B2A7-137162BC03F1}.Release|Any CPU.ActiveCfg = Release|Any CPU
		{702B8081-ABD5-4C40-B2A7-137162BC03F1}.Release|Any CPU.Build.0 = Release|Any CPU
		{02E1F6B2-1482-447D-8C7D-1C96D7AF470E}.Debug|Any CPU.ActiveCfg = Debug|Any CPU
		{02E1F6B2-1482-447D-8C7D-1C96D7AF470E}.Debug|Any CPU.Build.0 = Debug|Any CPU
		{02E1F6B2-1482-447D-8C7D-1C96D7AF470E}.Release|Any CPU.ActiveCfg = Release|Any CPU
		{02E1F6B2-1482-447D-8C7D-1C96D7AF470E}.Release|Any CPU.Build.0 = Release|Any CPU
		{3715F403-237A-461F-BF6E-C03D710DD69B}.Debug|Any CPU.ActiveCfg = Debug|Any CPU
		{3715F403-237A-461F-BF6E-C03D710DD69B}.Debug|Any CPU.Build.0 = Debug|Any CPU
		{3715F403-237A-461F-BF6E-C03D710DD69B}.Release|Any CPU.ActiveCfg = Release|Any CPU
		{3715F403-237A-461F-BF6E-C03D710DD69B}.Release|Any CPU.Build.0 = Release|Any CPU
	EndGlobalSection
	GlobalSection(SolutionProperties) = preSolution
		HideSolutionNode = FALSE
	EndGlobalSection
	GlobalSection(ExtensibilityGlobals) = postSolution
		SolutionGuid = {E80621AB-48E0-41A0-BFD9-00EF1D686B34}
	EndGlobalSection
EndGlobal
